
Microsoft Visual Studio Solution File, Format Version 12.00
# Visual Studio Version 16
VisualStudioVersion = 16.0.31105.61
MinimumVisualStudioVersion = 10.0.40219.1
Project("{9A19103F-16F7-4668-BE54-9A1E7A4F7556}") = "Core", "Core\Core.csproj", "{C398F02C-72E3-4734-B297-754CFE3B3F97}"
EndProject
Project("{9A19103F-16F7-4668-BE54-9A1E7A4F7556}") = "DataAccess", "DataAccess\DataAccess.csproj", "{25F0AD3D-B53F-4B15-A695-46AEE785DD4A}"
EndProject
Project("{9A19103F-16F7-4668-BE54-9A1E7A4F7556}") = "Business", "Business\Business.csproj", "{F8D68B47-F5FB-4393-B7CC-5A88BF33D4B5}"
EndProject
Project("{9A19103F-16F7-4668-BE54-9A1E7A4F7556}") = "Entities", "Entities\Entities.csproj", "{27D12F5A-3DF3-4F96-B308-22D67BD1642D}"
EndProject
Project("{FAE04EC0-301F-11D3-BF4B-00C04F79EFBC}") = "WebAPI", "WebAPI\WebAPI.csproj", "{45D761FA-1D3C-49AE-89A7-091EED2E7229}"
EndProject
Global
	GlobalSection(SolutionConfigurationPlatforms) = preSolution
		Debug|Any CPU = Debug|Any CPU
		Release|Any CPU = Release|Any CPU
	EndGlobalSection
	GlobalSection(ProjectConfigurationPlatforms) = postSolution
		{C398F02C-72E3-4734-B297-754CFE3B3F97}.Debug|Any CPU.ActiveCfg = Debug|Any CPU
		{C398F02C-72E3-4734-B297-754CFE3B3F97}.Debug|Any CPU.Build.0 = Debug|Any CPU
		{C398F02C-72E3-4734-B297-754CFE3B3F97}.Release|Any CPU.ActiveCfg = Release|Any CPU
		{C398F02C-72E3-4734-B297-754CFE3B3F97}.Release|Any CPU.Build.0 = Release|Any CPU
		{25F0AD3D-B53F-4B15-A695-46AEE785DD4A}.Debug|Any CPU.ActiveCfg = Debug|Any CPU
		{25F0AD3D-B53F-4B15-A695-46AEE785DD4A}.Debug|Any CPU.Build.0 = Debug|Any CPU
		{25F0AD3D-B53F-4B15-A695-46AEE785DD4A}.Release|Any CPU.ActiveCfg = Release|Any CPU
		{25F0AD3D-B53F-4B15-A695-46AEE785DD4A}.Release|Any CPU.Build.0 = Release|Any CPU
		{F8D68B47-F5FB-4393-B7CC-5A88BF33D4B5}.Debug|Any CPU.ActiveCfg = Debug|Any CPU
		{F8D68B47-F5FB-4393-B7CC-5A88BF33D4B5}.Debug|Any CPU.Build.0 = Debug|Any CPU
		{F8D68B47-F5FB-4393-B7CC-5A88BF33D4B5}.Release|Any CPU.ActiveCfg = Release|Any CPU
		{F8D68B47-F5FB-4393-B7CC-5A88BF33D4B5}.Release|Any CPU.Build.0 = Release|Any CPU
		{27D12F5A-3DF3-4F96-B308-22D67BD1642D}.Debug|Any CPU.ActiveCfg = Debug|Any CPU
		{27D12F5A-3DF3-4F96-B308-22D67BD1642D}.Debug|Any CPU.Build.0 = Debug|Any CPU
		{27D12F5A-3DF3-4F96-B308-22D67BD1642D}.Release|Any CPU.ActiveCfg = Release|Any CPU
		{27D12F5A-3DF3-4F96-B308-22D67BD1642D}.Release|Any CPU.Build.0 = Release|Any CPU
		{45D761FA-1D3C-49AE-89A7-091EED2E7229}.Debug|Any CPU.ActiveCfg = Debug|Any CPU
		{45D761FA-1D3C-49AE-89A7-091EED2E7229}.Debug|Any CPU.Build.0 = Debug|Any CPU
		{45D761FA-1D3C-49AE-89A7-091EED2E7229}.Release|Any CPU.ActiveCfg = Release|Any CPU
		{45D761FA-1D3C-49AE-89A7-091EED2E7229}.Release|Any CPU.Build.0 = Release|Any CPU
	EndGlobalSection
	GlobalSection(SolutionProperties) = preSolution
		HideSolutionNode = FALSE
	EndGlobalSection
	GlobalSection(ExtensibilityGlobals) = postSolution
		SolutionGuid = {F0365F36-59C7-4202-A1F9-04C82203749D}
	EndGlobalSection
EndGlobal
